
Microsoft Visual Studio Solution File, Format Version 12.00
# Visual Studio Version 17
VisualStudioVersion = 17.0.31903.59
MinimumVisualStudioVersion = 10.0.40219.1
Project("{2150E333-8FDC-42A3-9474-1A3956D46DE8}") = "src", "src", "{4ED1D717-4200-4AB0-B341-953538DBAE79}"
EndProject
Project("{FAE04EC0-301F-11D3-BF4B-00C04F79EFBC}") = "WoG.Commanders", "src\WoG.Commanders\WoG.Commanders.csproj", "{4F53E616-7352-4D36-9B93-F76D2C1DCF4E}"
EndProject
Project("{FAE04EC0-301F-11D3-BF4B-00C04F79EFBC}") = "WoG.Core", "src\WoG.Core\WoG.Core.csproj", "{F5020E88-660B-4F9E-AC2D-B9C380111FE0}"
EndProject
Project("{FAE04EC0-301F-11D3-BF4B-00C04F79EFBC}") = "WoG.CreatureExperience", "src\WoG.CreatureExperience\WoG.CreatureExperience.csproj", "{C3659F99-3B4D-41F6-AA53-90593DDD9636}"
EndProject
Project("{FAE04EC0-301F-11D3-BF4B-00C04F79EFBC}") = "WoG.Erm", "src\WoG.Erm\WoG.Erm.csproj", "{C1F1333D-4A19-4B9F-8A87-A182391C6F06}"
EndProject
Project("{FAE04EC0-301F-11D3-BF4B-00C04F79EFBC}") = "WoG.Headless", "src\WoG.Headless\WoG.Headless.csproj", "{69DFD59D-20B0-4DC5-8E2D-A522B14181E2}"
EndProject
Project("{FAE04EC0-301F-11D3-BF4B-00C04F79EFBC}") = "WoG.Host", "src\WoG.Host\WoG.Host.csproj", "{AF72A633-1324-4D0A-81BE-0395659F31D6}"
EndProject
Project("{2150E333-8FDC-42A3-9474-1A3956D46DE8}") = "tests", "tests", "{9E8B619D-7846-4E9B-9946-F7DA2584C2EF}"
EndProject
Project("{FAE04EC0-301F-11D3-BF4B-00C04F79EFBC}") = "WoG.Tests", "tests\WoG.Tests\WoG.Tests.csproj", "{9EFE5C0A-DB88-4A56-9FF3-998F590515B7}"
EndProject
Project("{2150E333-8FDC-42A3-9474-1A3956D46DE8}") = "tools", "tools", "{E32C2E52-351D-4EF0-ACB4-8471D0FCAE42}"
EndProject
Project("{FAE04EC0-301F-11D3-BF4B-00C04F79EFBC}") = "WoG.ErmTool", "tools\WoG.ErmTool\WoG.ErmTool.csproj", "{5C898A9C-0C20-4EEC-9DCB-0F595B765EF9}"
EndProject
Project("{FAE04EC0-301F-11D3-BF4B-00C04F79EFBC}") = "WoG.OldenEra", "src\WoG.OldenEra\WoG.OldenEra.csproj", "{1C6632C8-AB16-49A6-A074-A99DC4A7F10E}"
EndProject
Project("{FAE04EC0-301F-11D3-BF4B-00C04F79EFBC}") = "WoG.OldenEra.Data", "src\WoG.OldenEra.Data\WoG.OldenEra.Data.csproj", "{6146CDFB-CF7B-41D4-AA33-8043755211C6}"
EndProject
Project("{FAE04EC0-301F-11D3-BF4B-00C04F79EFBC}") = "WoG.Debug", "src\WoG.Debug\WoG.Debug.csproj", "{9B854005-2909-4DEF-B0C5-C08B9DAFFF2A}"
EndProject
Project("{FAE04EC0-301F-11D3-BF4B-00C04F79EFBC}") = "WoG.OldenEra.DebugUI", "src\WoG.OldenEra.DebugUI\WoG.OldenEra.DebugUI.csproj", "{08F1FD6F-2F7B-4BC9-811D-3E398492E512}"
EndProject
Global
	GlobalSection(SolutionConfigurationPlatforms) = preSolution
		Debug|Any CPU = Debug|Any CPU
		Release|Any CPU = Release|Any CPU
	EndGlobalSection
	GlobalSection(SolutionProperties) = preSolution
		HideSolutionNode = FALSE
	EndGlobalSection
	GlobalSection(ProjectConfigurationPlatforms) = postSolution
		{4F53E616-7352-4D36-9B93-F76D2C1DCF4E}.Debug|Any CPU.ActiveCfg = Debug|Any CPU
		{4F53E616-7352-4D36-9B93-F76D2C1DCF4E}.Debug|Any CPU.Build.0 = Debug|Any CPU
		{4F53E616-7352-4D36-9B93-F76D2C1DCF4E}.Release|Any CPU.ActiveCfg = Release|Any CPU
		{4F53E616-7352-4D36-9B93-F76D2C1DCF4E}.Release|Any CPU.Build.0 = Release|Any CPU
		{F5020E88-660B-4F9E-AC2D-B9C380111FE0}.Debug|Any CPU.ActiveCfg = Debug|Any CPU
		{F5020E88-660B-4F9E-AC2D-B9C380111FE0}.Debug|Any CPU.Build.0 = Debug|Any CPU
		{F5020E88-660B-4F9E-AC2D-B9C380111FE0}.Release|Any CPU.ActiveCfg = Release|Any CPU
		{F5020E88-660B-4F9E-AC2D-B9C380111FE0}.Release|Any CPU.Build.0 = Release|Any CPU
		{C3659F99-3B4D-41F6-AA53-90593DDD9636}.Debug|Any CPU.ActiveCfg = Debug|Any CPU
		{C3659F99-3B4D-41F6-AA53-90593DDD9636}.Debug|Any CPU.Build.0 = Debug|Any CPU
		{C3659F99-3B4D-41F6-AA53-90593DDD9636}.Release|Any CPU.ActiveCfg = Release|Any CPU
		{C3659F99-3B4D-41F6-AA53-90593DDD9636}.Release|Any CPU.Build.0 = Release|Any CPU
		{C1F1333D-4A19-4B9F-8A87-A182391C6F06}.Debug|Any CPU.ActiveCfg = Debug|Any CPU
		{C1F1333D-4A19-4B9F-8A87-A182391C6F06}.Debug|Any CPU.Build.0 = Debug|Any CPU
		{C1F1333D-4A19-4B9F-8A87-A182391C6F06}.Release|Any CPU.ActiveCfg = Release|Any CPU
		{C1F1333D-4A19-4B9F-8A87-A182391C6F06}.Release|Any CPU.Build.0 = Release|Any CPU
		{69DFD59D-20B0-4DC5-8E2D-A522B14181E2}.Debug|Any CPU.ActiveCfg = Debug|Any CPU
		{69DFD59D-20B0-4DC5-8E2D-A522B14181E2}.Debug|Any CPU.Build.0 = Debug|Any CPU
		{69DFD59D-20B0-4DC5-8E2D-A522B14181E2}.Release|Any CPU.ActiveCfg = Release|Any CPU
		{69DFD59D-20B0-4DC5-8E2D-A522B14181E2}.Release|Any CPU.Build.0 = Release|Any CPU
		{AF72A633-1324-4D0A-81BE-0395659F31D6}.Debug|Any CPU.ActiveCfg = Debug|Any CPU
		{AF72A633-1324-4D0A-81BE-0395659F31D6}.Debug|Any CPU.Build.0 = Debug|Any CPU
		{AF72A633-1324-4D0A-81BE-0395659F31D6}.Release|Any CPU.ActiveCfg = Release|Any CPU
		{AF72A633-1324-4D0A-81BE-0395659F31D6}.Release|Any CPU.Build.0 = Release|Any CPU
		{9EFE5C0A-DB88-4A56-9FF3-998F590515B7}.Debug|Any CPU.ActiveCfg = Debug|Any CPU
		{9EFE5C0A-DB88-4A56-9FF3-998F590515B7}.Debug|Any CPU.Build.0 = Debug|Any CPU
		{9EFE5C0A-DB88-4A56-9FF3-998F590515B7}.Release|Any CPU.ActiveCfg = Release|Any CPU
		{9EFE5C0A-DB88-4A56-9FF3-998F590515B7}.Release|Any CPU.Build.0 = Release|Any CPU
		{5C898A9C-0C20-4EEC-9DCB-0F595B765EF9}.Debug|Any CPU.ActiveCfg = Debug|Any CPU
		{5C898A9C-0C20-4EEC-9DCB-0F595B765EF9}.Debug|Any CPU.Build.0 = Debug|Any CPU
		{5C898A9C-0C20-4EEC-9DCB-0F595B765EF9}.Release|Any CPU.ActiveCfg = Release|Any CPU
		{5C898A9C-0C20-4EEC-9DCB-0F595B765EF9}.Release|Any CPU.Build.0 = Release|Any CPU
		{1C6632C8-AB16-49A6-A074-A99DC4A7F10E}.Debug|Any CPU.ActiveCfg = Debug|Any CPU
		{1C6632C8-AB16-49A6-A074-A99DC4A7F10E}.Debug|Any CPU.Build.0 = Debug|Any CPU
		{1C6632C8-AB16-49A6-A074-A99DC4A7F10E}.Release|Any CPU.ActiveCfg = Release|Any CPU
		{1C6632C8-AB16-49A6-A074-A99DC4A7F10E}.Release|Any CPU.Build.0 = Release|Any CPU
		{6146CDFB-CF7B-41D4-AA33-8043755211C6}.Debug|Any CPU.ActiveCfg = Debug|Any CPU
		{6146CDFB-CF7B-41D4-AA33-8043755211C6}.Debug|Any CPU.Build.0 = Debug|Any CPU
		{6146CDFB-CF7B-41D4-AA33-8043755211C6}.Release|Any CPU.ActiveCfg = Release|Any CPU
		{6146CDFB-CF7B-41D4-AA33-8043755211C6}.Release|Any CPU.Build.0 = Release|Any CPU
		{9B854005-2909-4DEF-B0C5-C08B9DAFFF2A}.Debug|Any CPU.ActiveCfg = Debug|Any CPU
		{9B854005-2909-4DEF-B0C5-C08B9DAFFF2A}.Debug|Any CPU.Build.0 = Debug|Any CPU
		{9B854005-2909-4DEF-B0C5-C08B9DAFFF2A}.Release|Any CPU.ActiveCfg = Release|Any CPU
		{9B854005-2909-4DEF-B0C5-C08B9DAFFF2A}.Release|Any CPU.Build.0 = Release|Any CPU
		{08F1FD6F-2F7B-4BC9-811D-3E398492E512}.Debug|Any CPU.ActiveCfg = Debug|Any CPU
		{08F1FD6F-2F7B-4BC9-811D-3E398492E512}.Debug|Any CPU.Build.0 = Debug|Any CPU
		{08F1FD6F-2F7B-4BC9-811D-3E398492E512}.Release|Any CPU.ActiveCfg = Release|Any CPU
		{08F1FD6F-2F7B-4BC9-811D-3E398492E512}.Release|Any CPU.Build.0 = Release|Any CPU
	EndGlobalSection
	GlobalSection(NestedProjects) = preSolution
		{4F53E616-7352-4D36-9B93-F76D2C1DCF4E} = {4ED1D717-4200-4AB0-B341-953538DBAE79}
		{F5020E88-660B-4F9E-AC2D-B9C380111FE0} = {4ED1D717-4200-4AB0-B341-953538DBAE79}
		{C3659F99-3B4D-41F6-AA53-90593DDD9636} = {4ED1D717-4200-4AB0-B341-953538DBAE79}
		{C1F1333D-4A19-4B9F-8A87-A182391C6F06} = {4ED1D717-4200-4AB0-B341-953538DBAE79}
		{69DFD59D-20B0-4DC5-8E2D-A522B14181E2} = {4ED1D717-4200-4AB0-B341-953538DBAE79}
		{AF72A633-1324-4D0A-81BE-0395659F31D6} = {4ED1D717-4200-4AB0-B341-953538DBAE79}
		{9EFE5C0A-DB88-4A56-9FF3-998F590515B7} = {9E8B619D-7846-4E9B-9946-F7DA2584C2EF}
		{5C898A9C-0C20-4EEC-9DCB-0F595B765EF9} = {E32C2E52-351D-4EF0-ACB4-8471D0FCAE42}
		{1C6632C8-AB16-49A6-A074-A99DC4A7F10E} = {4ED1D717-4200-4AB0-B341-953538DBAE79}
		{6146CDFB-CF7B-41D4-AA33-8043755211C6} = {4ED1D717-4200-4AB0-B341-953538DBAE79}
		{9B854005-2909-4DEF-B0C5-C08B9DAFFF2A} = {4ED1D717-4200-4AB0-B341-953538DBAE79}
		{08F1FD6F-2F7B-4BC9-811D-3E398492E512} = {4ED1D717-4200-4AB0-B341-953538DBAE79}
	EndGlobalSection
EndGlobal
